
Microsoft Visual Studio Solution File, Format Version 12.00
# Visual Studio Version 16
VisualStudioVersion = 16.0.31729.503
MinimumVisualStudioVersion = 10.0.40219.1
Project("{FAE04EC0-301F-11D3-BF4B-00C04F79EFBC}") = "9_1", "9_1\9_1.csproj", "{56CFC7D7-1492-4BF9-983B-670EDF63DE14}"
EndProject
Global
	GlobalSection(SolutionConfigurationPlatforms) = preSolution
		Debug|Any CPU = Debug|Any CPU
		Release|Any CPU = Release|Any CPU
	EndGlobalSection
	GlobalSection(ProjectConfigurationPlatforms) = postSolution
		{56CFC7D7-1492-4BF9-983B-670EDF63DE14}.Debug|Any CPU.ActiveCfg = Debug|Any CPU
		{56CFC7D7-1492-4BF9-983B-670EDF63DE14}.Debug|Any CPU.Build.0 = Debug|Any CPU
		{56CFC7D7-1492-4BF9-983B-670EDF63DE14}.Release|Any CPU.ActiveCfg = Release|Any CPU
		{56CFC7D7-1492-4BF9-983B-670EDF63DE14}.Release|Any CPU.Build.0 = Release|Any CPU
	EndGlobalSection
	GlobalSection(SolutionProperties) = preSolution
		HideSolutionNode = FALSE
	EndGlobalSection
	GlobalSection(ExtensibilityGlobals) = postSolution
		SolutionGuid = {84AC4EDA-638E-472D-B25F-1D4518C6000E}
	EndGlobalSection
EndGlobal
